
Microsoft Visual Studio Solution File, Format Version 10.00
# Visual C# Express 2008
Project("{FAE04EC0-301F-11D3-BF4B-00C04F79EFBC}") = "Lua", "Lua\Lua.csproj", "{27F8B9D4-FEE3-4E1B-9A97-0604B7B4E2E4}"
EndProject
Project("{FAE04EC0-301F-11D3-BF4B-00C04F79EFBC}") = "Lua.Compiler", "Lua.Compiler\Lua.Compiler.csproj", "{EFE99D6A-D7CE-41EC-948C-A95514BA66CA}"
EndProject
Global
	GlobalSection(SolutionConfigurationPlatforms) = preSolution
		Debug|Any CPU = Debug|Any CPU
		Release|Any CPU = Release|Any CPU
	EndGlobalSection
	GlobalSection(ProjectConfigurationPlatforms) = postSolution
		{27F8B9D4-FEE3-4E1B-9A97-0604B7B4E2E4}.Debug|Any CPU.ActiveCfg = Debug|Any CPU
		{27F8B9D4-FEE3-4E1B-9A97-0604B7B4E2E4}.Debug|Any CPU.Build.0 = Debug|Any CPU
		{27F8B9D4-FEE3-4E1B-9A97-0604B7B4E2E4}.Release|Any CPU.ActiveCfg = Release|Any CPU
		{27F8B9D4-FEE3-4E1B-9A97-0604B7B4E2E4}.Release|Any CPU.Build.0 = Release|Any CPU
		{EFE99D6A-D7CE-41EC-948C-A95514BA66CA}.Debug|Any CPU.ActiveCfg = Debug|Any CPU
		{EFE99D6A-D7CE-41EC-948C-A95514BA66CA}.Debug|Any CPU.Build.0 = Debug|Any CPU
		{EFE99D6A-D7CE-41EC-948C-A95514BA66CA}.Release|Any CPU.ActiveCfg = Release|Any CPU
		{EFE99D6A-D7CE-41EC-948C-A95514BA66CA}.Release|Any CPU.Build.0 = Release|Any CPU
	EndGlobalSection
	GlobalSection(SolutionProperties) = preSolution
		HideSolutionNode = FALSE
	EndGlobalSection
EndGlobal
