
Microsoft Visual Studio Solution File, Format Version 10.00
# Visual C# Express 2008
Project("{FAE04EC0-301F-11D3-BF4B-00C04F79EFBC}") = "Test", "Test\Test.csproj", "{0E92C9B8-7B47-4556-A6E9-D23AC43038F2}"
EndProject
Project("{FAE04EC0-301F-11D3-BF4B-00C04F79EFBC}") = "Lua", "Lua\Lua.csproj", "{27F8B9D4-FEE3-4E1B-9A97-0604B7B4E2E4}"
EndProject
Project("{FAE04EC0-301F-11D3-BF4B-00C04F79EFBC}") = "Lua.Compiler", "Lua.Compiler\Lua.Compiler.csproj", "{EFE99D6A-D7CE-41EC-948C-A95514BA66CA}"
EndProject
Project("{FAE04EC0-301F-11D3-BF4B-00C04F79EFBC}") = "Lua.Parser", "Lua.Parser\Lua.Parser.csproj", "{513270D7-F857-4F5A-A6B5-24F0F16F4CEB}"
EndProject
Project("{FAE04EC0-301F-11D3-BF4B-00C04F79EFBC}") = "Lua.Compiler.CLR", "Lua.Compiler.CLR\Lua.Compiler.CLR.csproj", "{C79018B8-CD8D-4573-A7F2-3F7C4A2B8C29}"
EndProject
Global
	GlobalSection(SolutionConfigurationPlatforms) = preSolution
		Debug|Any CPU = Debug|Any CPU
		Release|Any CPU = Release|Any CPU
	EndGlobalSection
	GlobalSection(ProjectConfigurationPlatforms) = postSolution
		{0E92C9B8-7B47-4556-A6E9-D23AC43038F2}.Debug|Any CPU.ActiveCfg = Debug|Any CPU
		{0E92C9B8-7B47-4556-A6E9-D23AC43038F2}.Debug|Any CPU.Build.0 = Debug|Any CPU
		{0E92C9B8-7B47-4556-A6E9-D23AC43038F2}.Release|Any CPU.ActiveCfg = Release|Any CPU
		{0E92C9B8-7B47-4556-A6E9-D23AC43038F2}.Release|Any CPU.Build.0 = Release|Any CPU
		{27F8B9D4-FEE3-4E1B-9A97-0604B7B4E2E4}.Debug|Any CPU.ActiveCfg = Debug|Any CPU
		{27F8B9D4-FEE3-4E1B-9A97-0604B7B4E2E4}.Debug|Any CPU.Build.0 = Debug|Any CPU
		{27F8B9D4-FEE3-4E1B-9A97-0604B7B4E2E4}.Release|Any CPU.ActiveCfg = Release|Any CPU
		{27F8B9D4-FEE3-4E1B-9A97-0604B7B4E2E4}.Release|Any CPU.Build.0 = Release|Any CPU
		{EFE99D6A-D7CE-41EC-948C-A95514BA66CA}.Debug|Any CPU.ActiveCfg = Debug|Any CPU
		{EFE99D6A-D7CE-41EC-948C-A95514BA66CA}.Debug|Any CPU.Build.0 = Debug|Any CPU
		{EFE99D6A-D7CE-41EC-948C-A95514BA66CA}.Release|Any CPU.ActiveCfg = Release|Any CPU
		{EFE99D6A-D7CE-41EC-948C-A95514BA66CA}.Release|Any CPU.Build.0 = Release|Any CPU
		{513270D7-F857-4F5A-A6B5-24F0F16F4CEB}.Debug|Any CPU.ActiveCfg = Debug|Any CPU
		{513270D7-F857-4F5A-A6B5-24F0F16F4CEB}.Debug|Any CPU.Build.0 = Debug|Any CPU
		{513270D7-F857-4F5A-A6B5-24F0F16F4CEB}.Release|Any CPU.ActiveCfg = Release|Any CPU
		{513270D7-F857-4F5A-A6B5-24F0F16F4CEB}.Release|Any CPU.Build.0 = Release|Any CPU
		{C79018B8-CD8D-4573-A7F2-3F7C4A2B8C29}.Debug|Any CPU.ActiveCfg = Debug|Any CPU
		{C79018B8-CD8D-4573-A7F2-3F7C4A2B8C29}.Debug|Any CPU.Build.0 = Debug|Any CPU
		{C79018B8-CD8D-4573-A7F2-3F7C4A2B8C29}.Release|Any CPU.ActiveCfg = Release|Any CPU
		{C79018B8-CD8D-4573-A7F2-3F7C4A2B8C29}.Release|Any CPU.Build.0 = Release|Any CPU
	EndGlobalSection
	GlobalSection(SolutionProperties) = preSolution
		HideSolutionNode = FALSE
	EndGlobalSection
EndGlobal
