
Microsoft Visual Studio Solution File, Format Version 10.00
# Visual C# Express 2008
Project("{FAE04EC0-301F-11D3-BF4B-00C04F79EFBC}") = "LuaVM", "LuaVM\LuaVM.csproj", "{F21C190E-25CE-4677-97A9-1BB6E4620F25}"
EndProject
Project("{FAE04EC0-301F-11D3-BF4B-00C04F79EFBC}") = "Lua", "Lua\Lua.csproj", "{1A03C925-55F9-4F4D-A5A7-EB0211E4B330}"
EndProject
Global
	GlobalSection(SolutionConfigurationPlatforms) = preSolution
		Debug|Any CPU = Debug|Any CPU
		Release|Any CPU = Release|Any CPU
	EndGlobalSection
	GlobalSection(ProjectConfigurationPlatforms) = postSolution
		{F21C190E-25CE-4677-97A9-1BB6E4620F25}.Debug|Any CPU.ActiveCfg = Debug|Any CPU
		{F21C190E-25CE-4677-97A9-1BB6E4620F25}.Debug|Any CPU.Build.0 = Debug|Any CPU
		{F21C190E-25CE-4677-97A9-1BB6E4620F25}.Release|Any CPU.ActiveCfg = Release|Any CPU
		{F21C190E-25CE-4677-97A9-1BB6E4620F25}.Release|Any CPU.Build.0 = Release|Any CPU
		{1A03C925-55F9-4F4D-A5A7-EB0211E4B330}.Debug|Any CPU.ActiveCfg = Debug|Any CPU
		{1A03C925-55F9-4F4D-A5A7-EB0211E4B330}.Debug|Any CPU.Build.0 = Debug|Any CPU
		{1A03C925-55F9-4F4D-A5A7-EB0211E4B330}.Release|Any CPU.ActiveCfg = Release|Any CPU
		{1A03C925-55F9-4F4D-A5A7-EB0211E4B330}.Release|Any CPU.Build.0 = Release|Any CPU
	EndGlobalSection
	GlobalSection(SolutionProperties) = preSolution
		HideSolutionNode = FALSE
	EndGlobalSection
EndGlobal
